
Microsoft Visual Studio Solution File, Format Version 12.00
# Visual Studio 2012
Project("{FAE04EC0-301F-11D3-BF4B-00C04F79EFBC}") = "ColorFactory", "ColorFactory\ColorFactory.csproj", "{34CDB03F-97BC-47F9-B67C-353EF79F5B9D}"
EndProject
Project("{2150E333-8FDC-42A3-9474-1A3956D46DE8}") = ".nuget", ".nuget", "{292A917F-7937-4B58-91A1-6F536549B6E8}"
	ProjectSection(SolutionItems) = preProject
		.nuget\packages.config = .nuget\packages.config
	EndProjectSection
EndProject
Global
	GlobalSection(SolutionConfigurationPlatforms) = preSolution
		Debug|Any CPU = Debug|Any CPU
		Release|Any CPU = Release|Any CPU
	EndGlobalSection
	GlobalSection(ProjectConfigurationPlatforms) = postSolution
		{34CDB03F-97BC-47F9-B67C-353EF79F5B9D}.Debug|Any CPU.ActiveCfg = Debug|Any CPU
		{34CDB03F-97BC-47F9-B67C-353EF79F5B9D}.Debug|Any CPU.Build.0 = Debug|Any CPU
		{34CDB03F-97BC-47F9-B67C-353EF79F5B9D}.Release|Any CPU.ActiveCfg = Release|Any CPU
		{34CDB03F-97BC-47F9-B67C-353EF79F5B9D}.Release|Any CPU.Build.0 = Release|Any CPU
	EndGlobalSection
	GlobalSection(SolutionProperties) = preSolution
		HideSolutionNode = FALSE
	EndGlobalSection
EndGlobal
